
Microsoft Visual Studio Solution File, Format Version 12.00
# Visual Studio Version 16
VisualStudioVersion = 16.0.30907.101
MinimumVisualStudioVersion = 10.0.40219.1
Project("{FAE04EC0-301F-11D3-BF4B-00C04F79EFBC}") = "Roulette.Tests", "Roulette.Tests\Roulette.Tests.csproj", "{94803890-5D2A-4FA1-A9B9-42E11AB73915}"
EndProject
Project("{FAE04EC0-301F-11D3-BF4B-00C04F79EFBC}") = "Roulette.Core", "Roulette.Core\Roulette.Core.csproj", "{C6645567-412F-45FA-8477-0EF922E9E856}"
EndProject
Project("{FAE04EC0-301F-11D3-BF4B-00C04F79EFBC}") = "Roulette.API", "Roulette.API\Roulette.API.csproj", "{B6CF2BBB-48D1-47E8-B639-5D555E3768A7}"
EndProject
Global
	GlobalSection(SolutionConfigurationPlatforms) = preSolution
		Debug|Any CPU = Debug|Any CPU
		Release|Any CPU = Release|Any CPU
	EndGlobalSection
	GlobalSection(ProjectConfigurationPlatforms) = postSolution
		{94803890-5D2A-4FA1-A9B9-42E11AB73915}.Debug|Any CPU.ActiveCfg = Debug|Any CPU
		{94803890-5D2A-4FA1-A9B9-42E11AB73915}.Debug|Any CPU.Build.0 = Debug|Any CPU
		{94803890-5D2A-4FA1-A9B9-42E11AB73915}.Release|Any CPU.ActiveCfg = Release|Any CPU
		{94803890-5D2A-4FA1-A9B9-42E11AB73915}.Release|Any CPU.Build.0 = Release|Any CPU
		{C6645567-412F-45FA-8477-0EF922E9E856}.Debug|Any CPU.ActiveCfg = Debug|Any CPU
		{C6645567-412F-45FA-8477-0EF922E9E856}.Debug|Any CPU.Build.0 = Debug|Any CPU
		{C6645567-412F-45FA-8477-0EF922E9E856}.Release|Any CPU.ActiveCfg = Release|Any CPU
		{C6645567-412F-45FA-8477-0EF922E9E856}.Release|Any CPU.Build.0 = Release|Any CPU
		{B6CF2BBB-48D1-47E8-B639-5D555E3768A7}.Debug|Any CPU.ActiveCfg = Debug|Any CPU
		{B6CF2BBB-48D1-47E8-B639-5D555E3768A7}.Debug|Any CPU.Build.0 = Debug|Any CPU
		{B6CF2BBB-48D1-47E8-B639-5D555E3768A7}.Release|Any CPU.ActiveCfg = Release|Any CPU
		{B6CF2BBB-48D1-47E8-B639-5D555E3768A7}.Release|Any CPU.Build.0 = Release|Any CPU
	EndGlobalSection
	GlobalSection(SolutionProperties) = preSolution
		HideSolutionNode = FALSE
	EndGlobalSection
	GlobalSection(ExtensibilityGlobals) = postSolution
		SolutionGuid = {DAD8A607-C787-4478-8F79-0032F91758A3}
	EndGlobalSection
EndGlobal
